
Microsoft Visual Studio Solution File, Format Version 12.00
# Visual Studio Version 17
VisualStudioVersion = 17.0.31903.59
MinimumVisualStudioVersion = 10.0.40219.1
Project("{2150E333-8FDC-42A3-9474-1A3956D46DE8}") = "src", "src", "{49DD79E7-DB67-49C5-B213-E65AF6201C4D}"
EndProject
Project("{2150E333-8FDC-42A3-9474-1A3956D46DE8}") = "core", "core", "{DAAF4289-E1C1-4D30-AFBF-A8F5928C20BC}"
EndProject
Project("{FAE04EC0-301F-11D3-BF4B-00C04F79EFBC}") = "GamersWorld.Domain", "src\core\GamersWorld.Domain\GamersWorld.Domain.csproj", "{2B02B859-C978-440C-97E2-4F7025EC4598}"
EndProject
Project("{FAE04EC0-301F-11D3-BF4B-00C04F79EFBC}") = "GamersWorld.Application", "src\core\GamersWorld.Application\GamersWorld.Application.csproj", "{3C4A3B93-245D-4280-952E-D9FA88A6E977}"
EndProject
Project("{2150E333-8FDC-42A3-9474-1A3956D46DE8}") = "infrastructure", "infrastructure", "{F9230B2F-2386-4210-85B2-99B223BBB3D9}"
EndProject
Project("{FAE04EC0-301F-11D3-BF4B-00C04F79EFBC}") = "GamersWorld.Data", "src\infrastructure\GamersWorld.Data\GamersWorld.Data.csproj", "{C0A2E57A-8933-43C3-AB81-63E15B27BE98}"
EndProject
Project("{FAE04EC0-301F-11D3-BF4B-00C04F79EFBC}") = "GamersWorld.Shared", "src\infrastructure\GamersWorld.Shared\GamersWorld.Shared.csproj", "{9CB71FB1-529D-4893-9814-8B3814E19993}"
EndProject
Project("{2150E333-8FDC-42A3-9474-1A3956D46DE8}") = "presentation", "presentation", "{7CBDC23A-204E-47F9-B708-615C8922DA1D}"
EndProject
Project("{FAE04EC0-301F-11D3-BF4B-00C04F79EFBC}") = "GamersWorld.WebApi", "src\presentation\GamersWorld.WebApi\GamersWorld.WebApi.csproj", "{488ED09F-038F-4B98-80FD-16D98217B580}"
EndProject
Project("{2150E333-8FDC-42A3-9474-1A3956D46DE8}") = "tests", "tests", "{CF9180C6-BDD8-4588-A11F-3DDF1139EB80}"
EndProject
Project("{2150E333-8FDC-42A3-9474-1A3956D46DE8}") = "core", "core", "{33545992-A33D-418D-8E41-8DA51A65B1CD}"
EndProject
Project("{FAE04EC0-301F-11D3-BF4B-00C04F79EFBC}") = "GamersWorld.Application.Tests", "tests\core\GamersWorld.Application.Tests\GamersWorld.Application.Tests.csproj", "{2EA1F67C-0AE8-4D5E-8C0C-21876F9D1C62}"
EndProject
Project("{FAE04EC0-301F-11D3-BF4B-00C04F79EFBC}") = "GamersWorld.Domain.Tests", "tests\core\GamersWorld.Domain.Tests\GamersWorld.Domain.Tests.csproj", "{A20630EB-FEFA-4FA4-9A1D-54EFE9B4F50C}"
EndProject
Project("{2150E333-8FDC-42A3-9474-1A3956D46DE8}") = "infrastructure", "infrastructure", "{61B7AD5F-9D63-42D6-947C-AE95E062F4C8}"
EndProject
Project("{FAE04EC0-301F-11D3-BF4B-00C04F79EFBC}") = "GamersWorld.Data.Tests", "tests\infrastructure\GamersWorld.Data.Tests\GamersWorld.Data.Tests.csproj", "{ED12C37C-5A54-4617-B8E3-8C14A391ED9C}"
EndProject
Project("{FAE04EC0-301F-11D3-BF4B-00C04F79EFBC}") = "GamersWorld.Shared.Tests", "tests\infrastructure\GamersWorld.Shared.Tests\GamersWorld.Shared.Tests.csproj", "{E56A14F4-FEC0-4FE7-9F83-2C43F754CB9F}"
EndProject
Project("{2150E333-8FDC-42A3-9474-1A3956D46DE8}") = "presentation", "presentation", "{429866A3-037F-41AC-B9F4-101A3663F868}"
EndProject
Project("{FAE04EC0-301F-11D3-BF4B-00C04F79EFBC}") = "GamersWorld.WebApi.Tests", "tests\presentation\GamersWorld.WebApi.Tests\GamersWorld.WebApi.Tests.csproj", "{3D7B5848-788B-4BD0-AB42-B851C6943AC4}"
EndProject
Global
	GlobalSection(SolutionConfigurationPlatforms) = preSolution
		Debug|Any CPU = Debug|Any CPU
		Release|Any CPU = Release|Any CPU
	EndGlobalSection
	GlobalSection(SolutionProperties) = preSolution
		HideSolutionNode = FALSE
	EndGlobalSection
	GlobalSection(ProjectConfigurationPlatforms) = postSolution
		{2B02B859-C978-440C-97E2-4F7025EC4598}.Debug|Any CPU.ActiveCfg = Debug|Any CPU
		{2B02B859-C978-440C-97E2-4F7025EC4598}.Debug|Any CPU.Build.0 = Debug|Any CPU
		{2B02B859-C978-440C-97E2-4F7025EC4598}.Release|Any CPU.ActiveCfg = Release|Any CPU
		{2B02B859-C978-440C-97E2-4F7025EC4598}.Release|Any CPU.Build.0 = Release|Any CPU
		{3C4A3B93-245D-4280-952E-D9FA88A6E977}.Debug|Any CPU.ActiveCfg = Debug|Any CPU
		{3C4A3B93-245D-4280-952E-D9FA88A6E977}.Debug|Any CPU.Build.0 = Debug|Any CPU
		{3C4A3B93-245D-4280-952E-D9FA88A6E977}.Release|Any CPU.ActiveCfg = Release|Any CPU
		{3C4A3B93-245D-4280-952E-D9FA88A6E977}.Release|Any CPU.Build.0 = Release|Any CPU
		{C0A2E57A-8933-43C3-AB81-63E15B27BE98}.Debug|Any CPU.ActiveCfg = Debug|Any CPU
		{C0A2E57A-8933-43C3-AB81-63E15B27BE98}.Debug|Any CPU.Build.0 = Debug|Any CPU
		{C0A2E57A-8933-43C3-AB81-63E15B27BE98}.Release|Any CPU.ActiveCfg = Release|Any CPU
		{C0A2E57A-8933-43C3-AB81-63E15B27BE98}.Release|Any CPU.Build.0 = Release|Any CPU
		{9CB71FB1-529D-4893-9814-8B3814E19993}.Debug|Any CPU.ActiveCfg = Debug|Any CPU
		{9CB71FB1-529D-4893-9814-8B3814E19993}.Debug|Any CPU.Build.0 = Debug|Any CPU
		{9CB71FB1-529D-4893-9814-8B3814E19993}.Release|Any CPU.ActiveCfg = Release|Any CPU
		{9CB71FB1-529D-4893-9814-8B3814E19993}.Release|Any CPU.Build.0 = Release|Any CPU
		{488ED09F-038F-4B98-80FD-16D98217B580}.Debug|Any CPU.ActiveCfg = Debug|Any CPU
		{488ED09F-038F-4B98-80FD-16D98217B580}.Debug|Any CPU.Build.0 = Debug|Any CPU
		{488ED09F-038F-4B98-80FD-16D98217B580}.Release|Any CPU.ActiveCfg = Release|Any CPU
		{488ED09F-038F-4B98-80FD-16D98217B580}.Release|Any CPU.Build.0 = Release|Any CPU
		{2EA1F67C-0AE8-4D5E-8C0C-21876F9D1C62}.Debug|Any CPU.ActiveCfg = Debug|Any CPU
		{2EA1F67C-0AE8-4D5E-8C0C-21876F9D1C62}.Debug|Any CPU.Build.0 = Debug|Any CPU
		{2EA1F67C-0AE8-4D5E-8C0C-21876F9D1C62}.Release|Any CPU.ActiveCfg = Release|Any CPU
		{2EA1F67C-0AE8-4D5E-8C0C-21876F9D1C62}.Release|Any CPU.Build.0 = Release|Any CPU
		{A20630EB-FEFA-4FA4-9A1D-54EFE9B4F50C}.Debug|Any CPU.ActiveCfg = Debug|Any CPU
		{A20630EB-FEFA-4FA4-9A1D-54EFE9B4F50C}.Debug|Any CPU.Build.0 = Debug|Any CPU
		{A20630EB-FEFA-4FA4-9A1D-54EFE9B4F50C}.Release|Any CPU.ActiveCfg = Release|Any CPU
		{A20630EB-FEFA-4FA4-9A1D-54EFE9B4F50C}.Release|Any CPU.Build.0 = Release|Any CPU
		{ED12C37C-5A54-4617-B8E3-8C14A391ED9C}.Debug|Any CPU.ActiveCfg = Debug|Any CPU
		{ED12C37C-5A54-4617-B8E3-8C14A391ED9C}.Debug|Any CPU.Build.0 = Debug|Any CPU
		{ED12C37C-5A54-4617-B8E3-8C14A391ED9C}.Release|Any CPU.ActiveCfg = Release|Any CPU
		{ED12C37C-5A54-4617-B8E3-8C14A391ED9C}.Release|Any CPU.Build.0 = Release|Any CPU
		{E56A14F4-FEC0-4FE7-9F83-2C43F754CB9F}.Debug|Any CPU.ActiveCfg = Debug|Any CPU
		{E56A14F4-FEC0-4FE7-9F83-2C43F754CB9F}.Debug|Any CPU.Build.0 = Debug|Any CPU
		{E56A14F4-FEC0-4FE7-9F83-2C43F754CB9F}.Release|Any CPU.ActiveCfg = Release|Any CPU
		{E56A14F4-FEC0-4FE7-9F83-2C43F754CB9F}.Release|Any CPU.Build.0 = Release|Any CPU
		{3D7B5848-788B-4BD0-AB42-B851C6943AC4}.Debug|Any CPU.ActiveCfg = Debug|Any CPU
		{3D7B5848-788B-4BD0-AB42-B851C6943AC4}.Debug|Any CPU.Build.0 = Debug|Any CPU
		{3D7B5848-788B-4BD0-AB42-B851C6943AC4}.Release|Any CPU.ActiveCfg = Release|Any CPU
		{3D7B5848-788B-4BD0-AB42-B851C6943AC4}.Release|Any CPU.Build.0 = Release|Any CPU
	EndGlobalSection
	GlobalSection(NestedProjects) = preSolution
		{DAAF4289-E1C1-4D30-AFBF-A8F5928C20BC} = {49DD79E7-DB67-49C5-B213-E65AF6201C4D}
		{2B02B859-C978-440C-97E2-4F7025EC4598} = {DAAF4289-E1C1-4D30-AFBF-A8F5928C20BC}
		{3C4A3B93-245D-4280-952E-D9FA88A6E977} = {DAAF4289-E1C1-4D30-AFBF-A8F5928C20BC}
		{F9230B2F-2386-4210-85B2-99B223BBB3D9} = {49DD79E7-DB67-49C5-B213-E65AF6201C4D}
		{C0A2E57A-8933-43C3-AB81-63E15B27BE98} = {F9230B2F-2386-4210-85B2-99B223BBB3D9}
		{9CB71FB1-529D-4893-9814-8B3814E19993} = {F9230B2F-2386-4210-85B2-99B223BBB3D9}
		{7CBDC23A-204E-47F9-B708-615C8922DA1D} = {49DD79E7-DB67-49C5-B213-E65AF6201C4D}
		{488ED09F-038F-4B98-80FD-16D98217B580} = {7CBDC23A-204E-47F9-B708-615C8922DA1D}
		{33545992-A33D-418D-8E41-8DA51A65B1CD} = {CF9180C6-BDD8-4588-A11F-3DDF1139EB80}
		{2EA1F67C-0AE8-4D5E-8C0C-21876F9D1C62} = {33545992-A33D-418D-8E41-8DA51A65B1CD}
		{A20630EB-FEFA-4FA4-9A1D-54EFE9B4F50C} = {33545992-A33D-418D-8E41-8DA51A65B1CD}
		{61B7AD5F-9D63-42D6-947C-AE95E062F4C8} = {CF9180C6-BDD8-4588-A11F-3DDF1139EB80}
		{ED12C37C-5A54-4617-B8E3-8C14A391ED9C} = {61B7AD5F-9D63-42D6-947C-AE95E062F4C8}
		{E56A14F4-FEC0-4FE7-9F83-2C43F754CB9F} = {61B7AD5F-9D63-42D6-947C-AE95E062F4C8}
		{429866A3-037F-41AC-B9F4-101A3663F868} = {CF9180C6-BDD8-4588-A11F-3DDF1139EB80}
		{3D7B5848-788B-4BD0-AB42-B851C6943AC4} = {429866A3-037F-41AC-B9F4-101A3663F868}
	EndGlobalSection
EndGlobal
